
Microsoft Visual Studio Solution File, Format Version 12.00
# Visual Studio 15
VisualStudioVersion = 15.0.27703.1
MinimumVisualStudioVersion = 10.0.40219.1
Project("{FAE04EC0-301F-11D3-BF4B-00C04F79EFBC}") = "ModAnalyzer", "ModAnalyzer\ModAnalyzer.csproj", "{F4C2E914-5B0D-46F6-A77B-3556F7DDAD7F}"
EndProject
Project("{FAE04EC0-301F-11D3-BF4B-00C04F79EFBC}") = "SevenZipExtractor", "SevenZipExtractor\SevenZipExtractor.csproj", "{8AA97F58-5044-4BBA-B8D9-A74B6947A660}"
EndProject
Global
	GlobalSection(Performance) = preSolution
		HasPerformanceSessions = true
	EndGlobalSection
	GlobalSection(SolutionConfigurationPlatforms) = preSolution
		Debug|Any CPU = Debug|Any CPU
		Debug|x86 = Debug|x86
		Release|Any CPU = Release|Any CPU
		Release|x86 = Release|x86
	EndGlobalSection
	GlobalSection(ProjectConfigurationPlatforms) = postSolution
		{F4C2E914-5B0D-46F6-A77B-3556F7DDAD7F}.Debug|Any CPU.ActiveCfg = Debug|Any CPU
		{F4C2E914-5B0D-46F6-A77B-3556F7DDAD7F}.Debug|Any CPU.Build.0 = Debug|Any CPU
		{F4C2E914-5B0D-46F6-A77B-3556F7DDAD7F}.Debug|x86.ActiveCfg = Debug|x86
		{F4C2E914-5B0D-46F6-A77B-3556F7DDAD7F}.Debug|x86.Build.0 = Debug|x86
		{F4C2E914-5B0D-46F6-A77B-3556F7DDAD7F}.Release|Any CPU.ActiveCfg = Release|Any CPU
		{F4C2E914-5B0D-46F6-A77B-3556F7DDAD7F}.Release|Any CPU.Build.0 = Release|Any CPU
		{F4C2E914-5B0D-46F6-A77B-3556F7DDAD7F}.Release|x86.ActiveCfg = Release|x86
		{F4C2E914-5B0D-46F6-A77B-3556F7DDAD7F}.Release|x86.Build.0 = Release|x86
		{8AA97F58-5044-4BBA-B8D9-A74B6947A660}.Debug|Any CPU.ActiveCfg = Debug|Any CPU
		{8AA97F58-5044-4BBA-B8D9-A74B6947A660}.Debug|Any CPU.Build.0 = Debug|Any CPU
		{8AA97F58-5044-4BBA-B8D9-A74B6947A660}.Debug|x86.ActiveCfg = Debug|Any CPU
		{8AA97F58-5044-4BBA-B8D9-A74B6947A660}.Debug|x86.Build.0 = Debug|Any CPU
		{8AA97F58-5044-4BBA-B8D9-A74B6947A660}.Release|Any CPU.ActiveCfg = Release|Any CPU
		{8AA97F58-5044-4BBA-B8D9-A74B6947A660}.Release|Any CPU.Build.0 = Release|Any CPU
		{8AA97F58-5044-4BBA-B8D9-A74B6947A660}.Release|x86.ActiveCfg = Release|Any CPU
		{8AA97F58-5044-4BBA-B8D9-A74B6947A660}.Release|x86.Build.0 = Release|Any CPU
	EndGlobalSection
	GlobalSection(SolutionProperties) = preSolution
		HideSolutionNode = FALSE
	EndGlobalSection
	GlobalSection(ExtensibilityGlobals) = postSolution
		SolutionGuid = {C2226000-D4A4-4B76-BB11-71096F476D1A}
	EndGlobalSection
EndGlobal
